
Microsoft Visual Studio Solution File, Format Version 12.00
# Visual Studio Version 17
VisualStudioVersion = 17.3.32929.385
MinimumVisualStudioVersion = 10.0.40219.1
Project("{2150E333-8FDC-42A3-9474-1A3956D46DE8}") = "Item", "Item", "{8677E0AE-FB5D-4AF1-A60F-C371BECAC97A}"
EndProject
Project("{9A19103F-16F7-4668-BE54-9A1E7A4F7556}") = "Itens.API", "Item.API\Itens.API.csproj", "{9A81521E-1C07-4ECF-B2F9-F6D768F57CB7}"
EndProject
Project("{9A19103F-16F7-4668-BE54-9A1E7A4F7556}") = "Itens.Application", "Item.Application\Itens.Application.csproj", "{112A581A-71B3-45C4-99C3-C3114935C823}"
EndProject
Project("{9A19103F-16F7-4668-BE54-9A1E7A4F7556}") = "Itens.Domain", "Item.Domain\Itens.Domain.csproj", "{BC87B28B-2D06-41C1-AC62-7F49EC07E258}"
EndProject
Project("{2150E333-8FDC-42A3-9474-1A3956D46DE8}") = "Usuario", "Usuario", "{7F736354-471B-49F2-B63E-52AC144EEEA2}"
EndProject
Project("{9A19103F-16F7-4668-BE54-9A1E7A4F7556}") = "Usuarios.API", "Usuario.API\Usuarios.API.csproj", "{4C68E6FF-70FD-46BD-B281-88AEEAB41303}"
EndProject
Project("{9A19103F-16F7-4668-BE54-9A1E7A4F7556}") = "Utils", "Utils\Utils.csproj", "{5F825719-1124-47AE-B84E-149677CF8133}"
EndProject
Project("{9A19103F-16F7-4668-BE54-9A1E7A4F7556}") = "Usuarios.Domain", "Usuarios.Domain\Usuarios.Domain.csproj", "{C5BA5847-A724-474E-969C-08B0F10BD4C3}"
EndProject
Project("{9A19103F-16F7-4668-BE54-9A1E7A4F7556}") = "Usuarios.Application", "Usuarios.Application\Usuarios.Application.csproj", "{CD4EF962-5121-480C-8649-02448A47A099}"
EndProject
Project("{2150E333-8FDC-42A3-9474-1A3956D46DE8}") = "Sistema", "Sistema", "{AE2B36E2-3FC9-4078-B73F-6F9159325224}"
EndProject
Project("{9A19103F-16F7-4668-BE54-9A1E7A4F7556}") = "Sistemas.Application", "Sistemas.Application\Sistemas.Application.csproj", "{063AD8F1-193B-4945-BBB2-B16036C9C9B7}"
EndProject
Project("{9A19103F-16F7-4668-BE54-9A1E7A4F7556}") = "Sistemas.Domain", "Sistemas.Domain\Sistemas.Domain.csproj", "{944CB7C0-D92A-4555-A620-7BD72D84A55E}"
EndProject
Project("{9A19103F-16F7-4668-BE54-9A1E7A4F7556}") = "Sistemas.API", "Sistemas.API\Sistemas.API.csproj", "{61871FE1-84D6-4333-AB40-066043E6ACAB}"
EndProject
Project("{9A19103F-16F7-4668-BE54-9A1E7A4F7556}") = "Itens.Infrastructure", "Itens.Infrastructure\Itens.Infrastructure.csproj", "{12C667A2-B32E-403E-B061-B449301690B0}"
EndProject
Project("{FAE04EC0-301F-11D3-BF4B-00C04F79EFBC}") = "Sistemas.Infrastructure", "Sistemas.Infrastructure\Sistemas.Infrastructure.csproj", "{358CFA79-744A-4A4B-A9F4-866C44A5C75D}"
EndProject
Project("{FAE04EC0-301F-11D3-BF4B-00C04F79EFBC}") = "Usuarios.Infrastructure", "Usuarios.Infrastructure\Usuarios.Infrastructure.csproj", "{DCDF4A77-20A3-48B0-BDC0-AC39B4AED491}"
EndProject
Global
	GlobalSection(SolutionConfigurationPlatforms) = preSolution
		Debug|Any CPU = Debug|Any CPU
		Release|Any CPU = Release|Any CPU
	EndGlobalSection
	GlobalSection(ProjectConfigurationPlatforms) = postSolution
		{9A81521E-1C07-4ECF-B2F9-F6D768F57CB7}.Debug|Any CPU.ActiveCfg = Debug|Any CPU
		{9A81521E-1C07-4ECF-B2F9-F6D768F57CB7}.Debug|Any CPU.Build.0 = Debug|Any CPU
		{9A81521E-1C07-4ECF-B2F9-F6D768F57CB7}.Release|Any CPU.ActiveCfg = Release|Any CPU
		{9A81521E-1C07-4ECF-B2F9-F6D768F57CB7}.Release|Any CPU.Build.0 = Release|Any CPU
		{112A581A-71B3-45C4-99C3-C3114935C823}.Debug|Any CPU.ActiveCfg = Debug|Any CPU
		{112A581A-71B3-45C4-99C3-C3114935C823}.Debug|Any CPU.Build.0 = Debug|Any CPU
		{112A581A-71B3-45C4-99C3-C3114935C823}.Release|Any CPU.ActiveCfg = Release|Any CPU
		{112A581A-71B3-45C4-99C3-C3114935C823}.Release|Any CPU.Build.0 = Release|Any CPU
		{BC87B28B-2D06-41C1-AC62-7F49EC07E258}.Debug|Any CPU.ActiveCfg = Debug|Any CPU
		{BC87B28B-2D06-41C1-AC62-7F49EC07E258}.Debug|Any CPU.Build.0 = Debug|Any CPU
		{BC87B28B-2D06-41C1-AC62-7F49EC07E258}.Release|Any CPU.ActiveCfg = Release|Any CPU
		{BC87B28B-2D06-41C1-AC62-7F49EC07E258}.Release|Any CPU.Build.0 = Release|Any CPU
		{4C68E6FF-70FD-46BD-B281-88AEEAB41303}.Debug|Any CPU.ActiveCfg = Debug|Any CPU
		{4C68E6FF-70FD-46BD-B281-88AEEAB41303}.Debug|Any CPU.Build.0 = Debug|Any CPU
		{4C68E6FF-70FD-46BD-B281-88AEEAB41303}.Release|Any CPU.ActiveCfg = Release|Any CPU
		{4C68E6FF-70FD-46BD-B281-88AEEAB41303}.Release|Any CPU.Build.0 = Release|Any CPU
		{5F825719-1124-47AE-B84E-149677CF8133}.Debug|Any CPU.ActiveCfg = Debug|Any CPU
		{5F825719-1124-47AE-B84E-149677CF8133}.Debug|Any CPU.Build.0 = Debug|Any CPU
		{5F825719-1124-47AE-B84E-149677CF8133}.Release|Any CPU.ActiveCfg = Release|Any CPU
		{5F825719-1124-47AE-B84E-149677CF8133}.Release|Any CPU.Build.0 = Release|Any CPU
		{C5BA5847-A724-474E-969C-08B0F10BD4C3}.Debug|Any CPU.ActiveCfg = Debug|Any CPU
		{C5BA5847-A724-474E-969C-08B0F10BD4C3}.Debug|Any CPU.Build.0 = Debug|Any CPU
		{C5BA5847-A724-474E-969C-08B0F10BD4C3}.Release|Any CPU.ActiveCfg = Release|Any CPU
		{C5BA5847-A724-474E-969C-08B0F10BD4C3}.Release|Any CPU.Build.0 = Release|Any CPU
		{CD4EF962-5121-480C-8649-02448A47A099}.Debug|Any CPU.ActiveCfg = Debug|Any CPU
		{CD4EF962-5121-480C-8649-02448A47A099}.Debug|Any CPU.Build.0 = Debug|Any CPU
		{CD4EF962-5121-480C-8649-02448A47A099}.Release|Any CPU.ActiveCfg = Release|Any CPU
		{CD4EF962-5121-480C-8649-02448A47A099}.Release|Any CPU.Build.0 = Release|Any CPU
		{063AD8F1-193B-4945-BBB2-B16036C9C9B7}.Debug|Any CPU.ActiveCfg = Debug|Any CPU
		{063AD8F1-193B-4945-BBB2-B16036C9C9B7}.Debug|Any CPU.Build.0 = Debug|Any CPU
		{063AD8F1-193B-4945-BBB2-B16036C9C9B7}.Release|Any CPU.ActiveCfg = Release|Any CPU
		{063AD8F1-193B-4945-BBB2-B16036C9C9B7}.Release|Any CPU.Build.0 = Release|Any CPU
		{944CB7C0-D92A-4555-A620-7BD72D84A55E}.Debug|Any CPU.ActiveCfg = Debug|Any CPU
		{944CB7C0-D92A-4555-A620-7BD72D84A55E}.Debug|Any CPU.Build.0 = Debug|Any CPU
		{944CB7C0-D92A-4555-A620-7BD72D84A55E}.Release|Any CPU.ActiveCfg = Release|Any CPU
		{944CB7C0-D92A-4555-A620-7BD72D84A55E}.Release|Any CPU.Build.0 = Release|Any CPU
		{61871FE1-84D6-4333-AB40-066043E6ACAB}.Debug|Any CPU.ActiveCfg = Debug|Any CPU
		{61871FE1-84D6-4333-AB40-066043E6ACAB}.Debug|Any CPU.Build.0 = Debug|Any CPU
		{61871FE1-84D6-4333-AB40-066043E6ACAB}.Release|Any CPU.ActiveCfg = Release|Any CPU
		{61871FE1-84D6-4333-AB40-066043E6ACAB}.Release|Any CPU.Build.0 = Release|Any CPU
		{12C667A2-B32E-403E-B061-B449301690B0}.Debug|Any CPU.ActiveCfg = Debug|Any CPU
		{12C667A2-B32E-403E-B061-B449301690B0}.Debug|Any CPU.Build.0 = Debug|Any CPU
		{12C667A2-B32E-403E-B061-B449301690B0}.Release|Any CPU.ActiveCfg = Release|Any CPU
		{12C667A2-B32E-403E-B061-B449301690B0}.Release|Any CPU.Build.0 = Release|Any CPU
		{358CFA79-744A-4A4B-A9F4-866C44A5C75D}.Debug|Any CPU.ActiveCfg = Debug|Any CPU
		{358CFA79-744A-4A4B-A9F4-866C44A5C75D}.Debug|Any CPU.Build.0 = Debug|Any CPU
		{358CFA79-744A-4A4B-A9F4-866C44A5C75D}.Release|Any CPU.ActiveCfg = Release|Any CPU
		{358CFA79-744A-4A4B-A9F4-866C44A5C75D}.Release|Any CPU.Build.0 = Release|Any CPU
		{DCDF4A77-20A3-48B0-BDC0-AC39B4AED491}.Debug|Any CPU.ActiveCfg = Debug|Any CPU
		{DCDF4A77-20A3-48B0-BDC0-AC39B4AED491}.Debug|Any CPU.Build.0 = Debug|Any CPU
		{DCDF4A77-20A3-48B0-BDC0-AC39B4AED491}.Release|Any CPU.ActiveCfg = Release|Any CPU
		{DCDF4A77-20A3-48B0-BDC0-AC39B4AED491}.Release|Any CPU.Build.0 = Release|Any CPU
	EndGlobalSection
	GlobalSection(SolutionProperties) = preSolution
		HideSolutionNode = FALSE
	EndGlobalSection
	GlobalSection(NestedProjects) = preSolution
		{9A81521E-1C07-4ECF-B2F9-F6D768F57CB7} = {8677E0AE-FB5D-4AF1-A60F-C371BECAC97A}
		{112A581A-71B3-45C4-99C3-C3114935C823} = {8677E0AE-FB5D-4AF1-A60F-C371BECAC97A}
		{BC87B28B-2D06-41C1-AC62-7F49EC07E258} = {8677E0AE-FB5D-4AF1-A60F-C371BECAC97A}
		{4C68E6FF-70FD-46BD-B281-88AEEAB41303} = {7F736354-471B-49F2-B63E-52AC144EEEA2}
		{C5BA5847-A724-474E-969C-08B0F10BD4C3} = {7F736354-471B-49F2-B63E-52AC144EEEA2}
		{CD4EF962-5121-480C-8649-02448A47A099} = {7F736354-471B-49F2-B63E-52AC144EEEA2}
		{063AD8F1-193B-4945-BBB2-B16036C9C9B7} = {AE2B36E2-3FC9-4078-B73F-6F9159325224}
		{944CB7C0-D92A-4555-A620-7BD72D84A55E} = {AE2B36E2-3FC9-4078-B73F-6F9159325224}
		{61871FE1-84D6-4333-AB40-066043E6ACAB} = {AE2B36E2-3FC9-4078-B73F-6F9159325224}
		{12C667A2-B32E-403E-B061-B449301690B0} = {8677E0AE-FB5D-4AF1-A60F-C371BECAC97A}
		{358CFA79-744A-4A4B-A9F4-866C44A5C75D} = {AE2B36E2-3FC9-4078-B73F-6F9159325224}
		{DCDF4A77-20A3-48B0-BDC0-AC39B4AED491} = {7F736354-471B-49F2-B63E-52AC144EEEA2}
	EndGlobalSection
	GlobalSection(ExtensibilityGlobals) = postSolution
		SolutionGuid = {CB0E5DED-1F4F-4252-99B1-E3DDC60801A7}
	EndGlobalSection
EndGlobal
